{
  "name": "billbpack",
  "lockfileVersion": 3,
  "requires": true,
  "packages": {
    "": {
      "dependencies": {
        "@minecraft/server": "^2.6.0-beta.1.26.0-preview.25",
        "@minecraft/server-gametest": "^1.0.0-beta.1.21.0-stable",
        "@minecraft/server-ui": "^2.0.0-beta.1.21.80-preview.28"
      }
    },
    "node_modules/@minecraft/common": {
      "version": "1.2.0",
      "resolved": "https://registry.npmjs.org/@minecraft/common/-/common-1.2.0.tgz",
      "integrity": "sha512-JdmEq4P3Z/FtoBzhLijFgMSVFnFRrUoLwY8DHHrgtFo0mfLTOLTB1RErYjLMsA6b7BGVNxkX/pfFRiH7QZ0XwQ==",
      "license": "MIT"
    },
    "node_modules/@minecraft/server": {
      "version": "2.6.0-beta.1.26.0-preview.25",
      "resolved": "https://registry.npmjs.org/@minecraft/server/-/server-2.6.0-beta.1.26.0-preview.25.tgz",
      "integrity": "sha512-hfojPUrYfm6qBY7FmFy9mzKfxhy9s0q8cHygwzs5yoF5Tq2hsiEckCDngFECV7QWqq0kSYUsX6LvBiAdfam2qQ==",
      "license": "MIT",
      "peerDependencies": {
        "@minecraft/common": "^1.2.0",
        "@minecraft/vanilla-data": ">=1.20.70 || 1.26.0-preview.25"
      }
    },
    "node_modules/@minecraft/server-gametest": {
      "version": "1.0.0-beta.1.21.0-stable",
      "resolved": "https://registry.npmjs.org/@minecraft/server-gametest/-/server-gametest-1.0.0-beta.1.21.0-stable.tgz",
      "integrity": "sha512-ZwLfFSi28EznvnOar7dbq1ZeBiWmTELLOuBL/x2PZ7y0tYLPDXrMoJLvqk5n/aa/yCDJiJOZMjPcJ7MeKHXobw==",
      "dependencies": {
        "@minecraft/common": "^1.0.0",
        "@minecraft/server": "^1.8.0"
      }
    },
    "node_modules/@minecraft/server-gametest/node_modules/@minecraft/server": {
      "version": "1.15.0",
      "resolved": "https://registry.npmjs.org/@minecraft/server/-/server-1.15.0.tgz",
      "integrity": "sha512-KpXtxwuwr0hSBbTYOaMR6hSLG+UBWvifhkmnu2Tx32567hBp2N4DxVmoIXT0swQ8RFvv1o6PyGHXqm3Qfw1wOg==",
      "license": "MIT",
      "dependencies": {
        "@minecraft/common": "^1.1.0"
      }
    },
    "node_modules/@minecraft/server-ui": {
      "version": "2.0.0-beta.1.21.80-preview.28",
      "resolved": "https://registry.npmjs.org/@minecraft/server-ui/-/server-ui-2.0.0-beta.1.21.80-preview.28.tgz",
      "integrity": "sha512-fk0cgjF1n0Nlcqd5VV09Aujmq+n2aP2YHPEXl4Rohhnrk6xaRibED0oFZ8/tAwJdioZgCaEmyUy5UNL3BzRbYg==",
      "license": "MIT",
      "dependencies": {
        "@minecraft/common": "^1.0.0",
        "@minecraft/server": "^2.0.0-beta.1.21.80-preview.28"
      }
    },
    "node_modules/@minecraft/server-ui/node_modules/@minecraft/server": {
      "version": "2.0.0",
      "resolved": "https://registry.npmjs.org/@minecraft/server/-/server-2.0.0.tgz",
      "integrity": "sha512-X2LmT82eO0oCjOFaFgg6zoGenAUSyrG+YvIbe7/FSPj9hpMt4BtOIs7axoQUUvMx2NNbq8uEsnQadMMrDDBmUA==",
      "license": "MIT",
      "dependencies": {
        "@minecraft/common": "^1.1.0"
      },
      "peerDependencies": {
        "@minecraft/vanilla-data": ">=1.20.70"
      }
    },
    "node_modules/@minecraft/vanilla-data": {
      "version": "1.21.61",
      "resolved": "https://registry.npmjs.org/@minecraft/vanilla-data/-/vanilla-data-1.21.61.tgz",
      "integrity": "sha512-72IHRtXQw1yS7aH8x2K2LvRaOR2ZQ/lMEA05uARHmxaES5a5GiLx+aAkp5O9ihfh1S5YmjaD47XFRBnYuu68IQ==",
      "license": "MIT",
      "peer": true
    }
  }
}
